// !$*UTF8*$!
{
	archiveVersion = 1;
	classes = {
	};
	objectVersion = 56;
	objects = {

/* Begin PBXBuildFile section */
		7B39B06B2B2D836D00825D33 /* IntervalTimerApp.swift in Sources */ = {isa = PBXBuildFile; fileRef = 7B39B06A2B2D836D00825D33 /* IntervalTimerApp.swift */; };
		7B39B06D2B2D836D00825D33 /* ContentView.swift in Sources */ = {isa = PBXBuildFile; fileRef = 7B39B06C2B2D836D00825D33 /* ContentView.swift */; };
		7B39B06F2B2D836E00825D33 /* Assets.xcassets in Resources */ = {isa = PBXBuildFile; fileRef = 7B39B06E2B2D836E00825D33 /* Assets.xcassets */; };
		7B39B0722B2D836E00825D33 /* Preview Assets.xcassets in Resources */ = {isa = PBXBuildFile; fileRef = 7B39B0712B2D836E00825D33 /* Preview Assets.xcassets */; };
		7B39B07C2B2D836E00825D33 /* IntervalTimerTests.swift in Sources */ = {isa = PBXBuildFile; fileRef = 7B39B07B2B2D836E00825D33 /* IntervalTimerTests.swift */; };
		7B39B0862B2D836E00825D33 /* IntervalTimerUITests.swift in Sources */ = {isa = PBXBuildFile; fileRef = 7B39B0852B2D836E00825D33 /* IntervalTimerUITests.swift */; };
		7B39B0882B2D836E00825D33 /* IntervalTimerUITestsLaunchTests.swift in Sources */ = {isa = PBXBuildFile; fileRef = 7B39B0872B2D836E00825D33 /* IntervalTimerUITestsLaunchTests.swift */; };
		7B40E83F2B2D87F90062AEDE /* MainView.swift in Sources */ = {isa = PBXBuildFile; fileRef = 7B40E83E2B2D87F90062AEDE /* MainView.swift */; };
		7B40E8412B2D884E0062AEDE /* WorkoutView.swift in Sources */ = {isa = PBXBuildFile; fileRef = 7B40E8402B2D884E0062AEDE /* WorkoutView.swift */; };
		7B40E8432B2DC5500062AEDE /* Utils.swift in Sources */ = {isa = PBXBuildFile; fileRef = 7B40E8422B2DC5500062AEDE /* Utils.swift */; };
		7B40E8492B2DC7950062AEDE /* Font.swift in Sources */ = {isa = PBXBuildFile; fileRef = 7B40E8482B2DC7950062AEDE /* Font.swift */; };
		7B40E84B2B2E872C0062AEDE /* BackgroundColorView.swift in Sources */ = {isa = PBXBuildFile; fileRef = 7B40E84A2B2E872C0062AEDE /* BackgroundColorView.swift */; };
		7B40E84D2B2E8CE90062AEDE /* GlassRemainingTImeView.swift in Sources */ = {isa = PBXBuildFile; fileRef = 7B40E84C2B2E8CE90062AEDE /* GlassRemainingTImeView.swift */; };
		7B40E8512B2EE7DE0062AEDE /* GlassWorkoutInfoView.swift in Sources */ = {isa = PBXBuildFile; fileRef = 7B40E8502B2EE7DE0062AEDE /* GlassWorkoutInfoView.swift */; };
		7B40E8532B2EF0060062AEDE /* CarouselView.swift in Sources */ = {isa = PBXBuildFile; fileRef = 7B40E8522B2EF0060062AEDE /* CarouselView.swift */; };
		7B40E85A2B2F05ED0062AEDE /* InfoPlist.strings in Resources */ = {isa = PBXBuildFile; fileRef = 7B40E85C2B2F05ED0062AEDE /* InfoPlist.strings */; };
		7B40E8602B2F27F10062AEDE /* GlassView.swift in Sources */ = {isa = PBXBuildFile; fileRef = 7B40E85F2B2F27F10062AEDE /* GlassView.swift */; };
		7B40E8622B2FD86E0062AEDE /* HomeVIew.swift in Sources */ = {isa = PBXBuildFile; fileRef = 7B40E8612B2FD86E0062AEDE /* HomeVIew.swift */; };
		7B40E8642B31E72D0062AEDE /* TopRoundingCorner.swift in Sources */ = {isa = PBXBuildFile; fileRef = 7B40E8632B31E72D0062AEDE /* TopRoundingCorner.swift */; };
/* End PBXBuildFile section */

/* Begin PBXContainerItemProxy section */
		7B39B0782B2D836E00825D33 /* PBXContainerItemProxy */ = {
			isa = PBXContainerItemProxy;
			containerPortal = 7B39B05F2B2D836D00825D33 /* Project object */;
			proxyType = 1;
			remoteGlobalIDString = 7B39B0662B2D836D00825D33;
			remoteInfo = IntervalTimer;
		};
		7B39B0822B2D836E00825D33 /* PBXContainerItemProxy */ = {
			isa = PBXContainerItemProxy;
			containerPortal = 7B39B05F2B2D836D00825D33 /* Project object */;
			proxyType = 1;
			remoteGlobalIDString = 7B39B0662B2D836D00825D33;
			remoteInfo = IntervalTimer;
		};
/* End PBXContainerItemProxy section */

/* Begin PBXFileReference section */
		7B39B0672B2D836D00825D33 /* IntervalTimer.app */ = {isa = PBXFileReference; explicitFileType = wrapper.application; includeInIndex = 0; path = IntervalTimer.app; sourceTree = BUILT_PRODUCTS_DIR; };
		7B39B06A2B2D836D00825D33 /* IntervalTimerApp.swift */ = {isa = PBXFileReference; lastKnownFileType = sourcecode.swift; path = IntervalTimerApp.swift; sourceTree = "<group>"; };
		7B39B06C2B2D836D00825D33 /* ContentView.swift */ = {isa = PBXFileReference; lastKnownFileType = sourcecode.swift; path = ContentView.swift; sourceTree = "<group>"; };
		7B39B06E2B2D836E00825D33 /* Assets.xcassets */ = {isa = PBXFileReference; lastKnownFileType = folder.assetcatalog; path = Assets.xcassets; sourceTree = "<group>"; };
		7B39B0712B2D836E00825D33 /* Preview Assets.xcassets */ = {isa = PBXFileReference; lastKnownFileType = folder.assetcatalog; path = "Preview Assets.xcassets"; sourceTree = "<group>"; };
		7B39B0772B2D836E00825D33 /* IntervalTimerTests.xctest */ = {isa = PBXFileReference; explicitFileType = wrapper.cfbundle; includeInIndex = 0; path = IntervalTimerTests.xctest; sourceTree = BUILT_PRODUCTS_DIR; };
		7B39B07B2B2D836E00825D33 /* IntervalTimerTests.swift */ = {isa = PBXFileReference; lastKnownFileType = sourcecode.swift; path = IntervalTimerTests.swift; sourceTree = "<group>"; };
		7B39B0812B2D836E00825D33 /* IntervalTimerUITests.xctest */ = {isa = PBXFileReference; explicitFileType = wrapper.cfbundle; includeInIndex = 0; path = IntervalTimerUITests.xctest; sourceTree = BUILT_PRODUCTS_DIR; };
		7B39B0852B2D836E00825D33 /* IntervalTimerUITests.swift */ = {isa = PBXFileReference; lastKnownFileType = sourcecode.swift; path = IntervalTimerUITests.swift; sourceTree = "<group>"; };
		7B39B0872B2D836E00825D33 /* IntervalTimerUITestsLaunchTests.swift */ = {isa = PBXFileReference; lastKnownFileType = sourcecode.swift; path = IntervalTimerUITestsLaunchTests.swift; sourceTree = "<group>"; };
		7B40E83E2B2D87F90062AEDE /* MainView.swift */ = {isa = PBXFileReference; lastKnownFileType = sourcecode.swift; path = MainView.swift; sourceTree = "<group>"; };
		7B40E8402B2D884E0062AEDE /* WorkoutView.swift */ = {isa = PBXFileReference; lastKnownFileType = sourcecode.swift; path = WorkoutView.swift; sourceTree = "<group>"; };
		7B40E8422B2DC5500062AEDE /* Utils.swift */ = {isa = PBXFileReference; lastKnownFileType = sourcecode.swift; path = Utils.swift; sourceTree = "<group>"; };
		7B40E8452B2DC7570062AEDE /* Pretendard-Light.otf */ = {isa = PBXFileReference; lastKnownFileType = file; path = "Pretendard-Light.otf"; sourceTree = "<group>"; };
		7B40E8462B2DC7570062AEDE /* Pretendard-Bold.otf */ = {isa = PBXFileReference; lastKnownFileType = file; path = "Pretendard-Bold.otf"; sourceTree = "<group>"; };
		7B40E8472B2DC7570062AEDE /* Pretendard-Medium.otf */ = {isa = PBXFileReference; lastKnownFileType = file; path = "Pretendard-Medium.otf"; sourceTree = "<group>"; };
		7B40E8482B2DC7950062AEDE /* Font.swift */ = {isa = PBXFileReference; lastKnownFileType = sourcecode.swift; path = Font.swift; sourceTree = "<group>"; };
		7B40E84A2B2E872C0062AEDE /* BackgroundColorView.swift */ = {isa = PBXFileReference; lastKnownFileType = sourcecode.swift; path = BackgroundColorView.swift; sourceTree = "<group>"; };
		7B40E84C2B2E8CE90062AEDE /* GlassRemainingTImeView.swift */ = {isa = PBXFileReference; lastKnownFileType = sourcecode.swift; path = GlassRemainingTImeView.swift; sourceTree = "<group>"; };
		7B40E8502B2EE7DE0062AEDE /* GlassWorkoutInfoView.swift */ = {isa = PBXFileReference; lastKnownFileType = sourcecode.swift; path = GlassWorkoutInfoView.swift; sourceTree = "<group>"; };
		7B40E8522B2EF0060062AEDE /* CarouselView.swift */ = {isa = PBXFileReference; lastKnownFileType = sourcecode.swift; path = CarouselView.swift; sourceTree = "<group>"; };
		7B40E85B2B2F05ED0062AEDE /* ko */ = {isa = PBXFileReference; lastKnownFileType = text.plist.strings; name = ko; path = ko.lproj/InfoPlist.strings; sourceTree = "<group>"; };
		7B40E85D2B2F05EF0062AEDE /* en */ = {isa = PBXFileReference; lastKnownFileType = text.plist.strings; name = en; path = en.lproj/InfoPlist.strings; sourceTree = "<group>"; };
		7B40E85E2B2F05F00062AEDE /* ja */ = {isa = PBXFileReference; lastKnownFileType = text.plist.strings; name = ja; path = ja.lproj/InfoPlist.strings; sourceTree = "<group>"; };
		7B40E85F2B2F27F10062AEDE /* GlassView.swift */ = {isa = PBXFileReference; lastKnownFileType = sourcecode.swift; path = GlassView.swift; sourceTree = "<group>"; };
		7B40E8612B2FD86E0062AEDE /* HomeVIew.swift */ = {isa = PBXFileReference; lastKnownFileType = sourcecode.swift; path = HomeVIew.swift; sourceTree = "<group>"; };
		7B40E8632B31E72D0062AEDE /* TopRoundingCorner.swift */ = {isa = PBXFileReference; lastKnownFileType = sourcecode.swift; path = TopRoundingCorner.swift; sourceTree = "<group>"; };
/* End PBXFileReference section */

/* Begin PBXFrameworksBuildPhase section */
		7B39B0642B2D836D00825D33 /* Frameworks */ = {
			isa = PBXFrameworksBuildPhase;
			buildActionMask = 2147483647;
			files = (
			);
			runOnlyForDeploymentPostprocessing = 0;
		};
		7B39B0742B2D836E00825D33 /* Frameworks */ = {
			isa = PBXFrameworksBuildPhase;
			buildActionMask = 2147483647;
			files = (
			);
			runOnlyForDeploymentPostprocessing = 0;
		};
		7B39B07E2B2D836E00825D33 /* Frameworks */ = {
			isa = PBXFrameworksBuildPhase;
			buildActionMask = 2147483647;
			files = (
			);
			runOnlyForDeploymentPostprocessing = 0;
		};
/* End PBXFrameworksBuildPhase section */

/* Begin PBXGroup section */
		7B39B05E2B2D836D00825D33 = {
			isa = PBXGroup;
			children = (
				7B39B0692B2D836D00825D33 /* IntervalTimer */,
				7B39B07A2B2D836E00825D33 /* IntervalTimerTests */,
				7B39B0842B2D836E00825D33 /* IntervalTimerUITests */,
				7B39B0682B2D836D00825D33 /* Products */,
			);
			sourceTree = "<group>";
		};
		7B39B0682B2D836D00825D33 /* Products */ = {
			isa = PBXGroup;
			children = (
				7B39B0672B2D836D00825D33 /* IntervalTimer.app */,
				7B39B0772B2D836E00825D33 /* IntervalTimerTests.xctest */,
				7B39B0812B2D836E00825D33 /* IntervalTimerUITests.xctest */,
			);
			name = Products;
			sourceTree = "<group>";
		};
		7B39B0692B2D836D00825D33 /* IntervalTimer */ = {
			isa = PBXGroup;
			children = (
				7B40E83B2B2D85080062AEDE /* Resources */,
				7B40E83A2B2D85010062AEDE /* Sources */,
				7B39B0702B2D836E00825D33 /* Preview Content */,
			);
			path = IntervalTimer;
			sourceTree = "<group>";
		};
		7B39B0702B2D836E00825D33 /* Preview Content */ = {
			isa = PBXGroup;
			children = (
				7B39B0712B2D836E00825D33 /* Preview Assets.xcassets */,
			);
			path = "Preview Content";
			sourceTree = "<group>";
		};
		7B39B07A2B2D836E00825D33 /* IntervalTimerTests */ = {
			isa = PBXGroup;
			children = (
				7B39B07B2B2D836E00825D33 /* IntervalTimerTests.swift */,
			);
			path = IntervalTimerTests;
			sourceTree = "<group>";
		};
		7B39B0842B2D836E00825D33 /* IntervalTimerUITests */ = {
			isa = PBXGroup;
			children = (
				7B39B0852B2D836E00825D33 /* IntervalTimerUITests.swift */,
				7B39B0872B2D836E00825D33 /* IntervalTimerUITestsLaunchTests.swift */,
			);
			path = IntervalTimerUITests;
			sourceTree = "<group>";
		};
		7B40E83A2B2D85010062AEDE /* Sources */ = {
			isa = PBXGroup;
			children = (
				7B39B06A2B2D836D00825D33 /* IntervalTimerApp.swift */,
				7B40E8422B2DC5500062AEDE /* Utils.swift */,
				7B40E8482B2DC7950062AEDE /* Font.swift */,
				7B40E8552B2F001C0062AEDE /* ViewModels */,
				7B40E8542B2F00150062AEDE /* Views */,
			);
			path = Sources;
			sourceTree = "<group>";
		};
		7B40E83B2B2D85080062AEDE /* Resources */ = {
			isa = PBXGroup;
			children = (
				7B40E8442B2DC73A0062AEDE /* Fonts */,
				7B39B06E2B2D836E00825D33 /* Assets.xcassets */,
				7B40E85C2B2F05ED0062AEDE /* InfoPlist.strings */,
			);
			path = Resources;
			sourceTree = "<group>";
		};
		7B40E8442B2DC73A0062AEDE /* Fonts */ = {
			isa = PBXGroup;
			children = (
				7B40E8462B2DC7570062AEDE /* Pretendard-Bold.otf */,
				7B40E8452B2DC7570062AEDE /* Pretendard-Light.otf */,
				7B40E8472B2DC7570062AEDE /* Pretendard-Medium.otf */,
			);
			path = Fonts;
			sourceTree = "<group>";
		};
		7B40E8542B2F00150062AEDE /* Views */ = {
			isa = PBXGroup;
			children = (
				7B39B06C2B2D836D00825D33 /* ContentView.swift */,
				7B40E83E2B2D87F90062AEDE /* MainView.swift */,
				7B40E84A2B2E872C0062AEDE /* BackgroundColorView.swift */,
				7B40E8522B2EF0060062AEDE /* CarouselView.swift */,
				7B40E8402B2D884E0062AEDE /* WorkoutView.swift */,
				7B40E84C2B2E8CE90062AEDE /* GlassRemainingTImeView.swift */,
				7B40E8502B2EE7DE0062AEDE /* GlassWorkoutInfoView.swift */,
				7B40E85F2B2F27F10062AEDE /* GlassView.swift */,
				7B40E8612B2FD86E0062AEDE /* HomeVIew.swift */,
				7B40E8632B31E72D0062AEDE /* TopRoundingCorner.swift */,
			);
			path = Views;
			sourceTree = "<group>";
		};
		7B40E8552B2F001C0062AEDE /* ViewModels */ = {
			isa = PBXGroup;
			children = (
			);
			path = ViewModels;
			sourceTree = "<group>";
		};
/* End PBXGroup section */

/* Begin PBXNativeTarget section */
		7B39B0662B2D836D00825D33 /* IntervalTimer */ = {
			isa = PBXNativeTarget;
			buildConfigurationList = 7B39B08B2B2D836E00825D33 /* Build configuration list for PBXNativeTarget "IntervalTimer" */;
			buildPhases = (
				7B39B0632B2D836D00825D33 /* Sources */,
				7B39B0642B2D836D00825D33 /* Frameworks */,
				7B39B0652B2D836D00825D33 /* Resources */,
			);
			buildRules = (
			);
			dependencies = (
			);
			name = IntervalTimer;
			productName = IntervalTimer;
			productReference = 7B39B0672B2D836D00825D33 /* IntervalTimer.app */;
			productType = "com.apple.product-type.application";
		};
		7B39B0762B2D836E00825D33 /* IntervalTimerTests */ = {
			isa = PBXNativeTarget;
			buildConfigurationList = 7B39B08E2B2D836E00825D33 /* Build configuration list for PBXNativeTarget "IntervalTimerTests" */;
			buildPhases = (
				7B39B0732B2D836E00825D33 /* Sources */,
				7B39B0742B2D836E00825D33 /* Frameworks */,
				7B39B0752B2D836E00825D33 /* Resources */,
			);
			buildRules = (
			);
			dependencies = (
				7B39B0792B2D836E00825D33 /* PBXTargetDependency */,
			);
			name = IntervalTimerTests;
			productName = IntervalTimerTests;
			productReference = 7B39B0772B2D836E00825D33 /* IntervalTimerTests.xctest */;
			productType = "com.apple.product-type.bundle.unit-test";
		};
		7B39B0802B2D836E00825D33 /* IntervalTimerUITests */ = {
			isa = PBXNativeTarget;
			buildConfigurationList = 7B39B0912B2D836E00825D33 /* Build configuration list for PBXNativeTarget "IntervalTimerUITests" */;
			buildPhases = (
				7B39B07D2B2D836E00825D33 /* Sources */,
				7B39B07E2B2D836E00825D33 /* Frameworks */,
				7B39B07F2B2D836E00825D33 /* Resources */,
			);
			buildRules = (
			);
			dependencies = (
				7B39B0832B2D836E00825D33 /* PBXTargetDependency */,
			);
			name = IntervalTimerUITests;
			productName = IntervalTimerUITests;
			productReference = 7B39B0812B2D836E00825D33 /* IntervalTimerUITests.xctest */;
			productType = "com.apple.product-type.bundle.ui-testing";
		};
/* End PBXNativeTarget section */

/* Begin PBXProject section */
		7B39B05F2B2D836D00825D33 /* Project object */ = {
			isa = PBXProject;
			attributes = {
				BuildIndependentTargetsInParallel = 1;
				LastSwiftUpdateCheck = 1500;
				LastUpgradeCheck = 1500;
				TargetAttributes = {
					7B39B0662B2D836D00825D33 = {
						CreatedOnToolsVersion = 15.0.1;
					};
					7B39B0762B2D836E00825D33 = {
						CreatedOnToolsVersion = 15.0.1;
						TestTargetID = 7B39B0662B2D836D00825D33;
					};
					7B39B0802B2D836E00825D33 = {
						CreatedOnToolsVersion = 15.0.1;
						TestTargetID = 7B39B0662B2D836D00825D33;
					};
				};
			};
			buildConfigurationList = 7B39B0622B2D836D00825D33 /* Build configuration list for PBXProject "IntervalTimer" */;
			compatibilityVersion = "Xcode 14.0";
			developmentRegion = ko;
			hasScannedForEncodings = 0;
			knownRegions = (
				en,
				Base,
				ko,
				ja,
			);
			mainGroup = 7B39B05E2B2D836D00825D33;
			productRefGroup = 7B39B0682B2D836D00825D33 /* Products */;
			projectDirPath = "";
			projectRoot = "";
			targets = (
				7B39B0662B2D836D00825D33 /* IntervalTimer */,
				7B39B0762B2D836E00825D33 /* IntervalTimerTests */,
				7B39B0802B2D836E00825D33 /* IntervalTimerUITests */,
			);
		};
/* End PBXProject section */

/* Begin PBXResourcesBuildPhase section */
		7B39B0652B2D836D00825D33 /* Resources */ = {
			isa = PBXResourcesBuildPhase;
			buildActionMask = 2147483647;
			files = (
				7B39B0722B2D836E00825D33 /* Preview Assets.xcassets in Resources */,
				7B40E85A2B2F05ED0062AEDE /* InfoPlist.strings in Resources */,
				7B39B06F2B2D836E00825D33 /* Assets.xcassets in Resources */,
			);
			runOnlyForDeploymentPostprocessing = 0;
		};
		7B39B0752B2D836E00825D33 /* Resources */ = {
			isa = PBXResourcesBuildPhase;
			buildActionMask = 2147483647;
			files = (
			);
			runOnlyForDeploymentPostprocessing = 0;
		};
		7B39B07F2B2D836E00825D33 /* Resources */ = {
			isa = PBXResourcesBuildPhase;
			buildActionMask = 2147483647;
			files = (
			);
			runOnlyForDeploymentPostprocessing = 0;
		};
/* End PBXResourcesBuildPhase section */

/* Begin PBXSourcesBuildPhase section */
		7B39B0632B2D836D00825D33 /* Sources */ = {
			isa = PBXSourcesBuildPhase;
			buildActionMask = 2147483647;
			files = (
				7B40E8532B2EF0060062AEDE /* CarouselView.swift in Sources */,
				7B40E8432B2DC5500062AEDE /* Utils.swift in Sources */,
				7B39B06D2B2D836D00825D33 /* ContentView.swift in Sources */,
				7B40E83F2B2D87F90062AEDE /* MainView.swift in Sources */,
				7B40E8412B2D884E0062AEDE /* WorkoutView.swift in Sources */,
				7B39B06B2B2D836D00825D33 /* IntervalTimerApp.swift in Sources */,
				7B40E84B2B2E872C0062AEDE /* BackgroundColorView.swift in Sources */,
				7B40E8642B31E72D0062AEDE /* TopRoundingCorner.swift in Sources */,
				7B40E8512B2EE7DE0062AEDE /* GlassWorkoutInfoView.swift in Sources */,
				7B40E8602B2F27F10062AEDE /* GlassView.swift in Sources */,
				7B40E8622B2FD86E0062AEDE /* HomeVIew.swift in Sources */,
				7B40E8492B2DC7950062AEDE /* Font.swift in Sources */,
				7B40E84D2B2E8CE90062AEDE /* GlassRemainingTImeView.swift in Sources */,
			);
			runOnlyForDeploymentPostprocessing = 0;
		};
		7B39B0732B2D836E00825D33 /* Sources */ = {
			isa = PBXSourcesBuildPhase;
			buildActionMask = 2147483647;
			files = (
				7B39B07C2B2D836E00825D33 /* IntervalTimerTests.swift in Sources */,
			);
			runOnlyForDeploymentPostprocessing = 0;
		};
		7B39B07D2B2D836E00825D33 /* Sources */ = {
			isa = PBXSourcesBuildPhase;
			buildActionMask = 2147483647;
			files = (
				7B39B0862B2D836E00825D33 /* IntervalTimerUITests.swift in Sources */,
				7B39B0882B2D836E00825D33 /* IntervalTimerUITestsLaunchTests.swift in Sources */,
			);
			runOnlyForDeploymentPostprocessing = 0;
		};
/* End PBXSourcesBuildPhase section */

/* Begin PBXTargetDependency section */
		7B39B0792B2D836E00825D33 /* PBXTargetDependency */ = {
			isa = PBXTargetDependency;
			target = 7B39B0662B2D836D00825D33 /* IntervalTimer */;
			targetProxy = 7B39B0782B2D836E00825D33 /* PBXContainerItemProxy */;
		};
		7B39B0832B2D836E00825D33 /* PBXTargetDependency */ = {
			isa = PBXTargetDependency;
			target = 7B39B0662B2D836D00825D33 /* IntervalTimer */;
			targetProxy = 7B39B0822B2D836E00825D33 /* PBXContainerItemProxy */;
		};
/* End PBXTargetDependency section */

/* Begin PBXVariantGroup section */
		7B40E85C2B2F05ED0062AEDE /* InfoPlist.strings */ = {
			isa = PBXVariantGroup;
			children = (
				7B40E85B2B2F05ED0062AEDE /* ko */,
				7B40E85D2B2F05EF0062AEDE /* en */,
				7B40E85E2B2F05F00062AEDE /* ja */,
			);
			name = InfoPlist.strings;
			sourceTree = "<group>";
		};
/* End PBXVariantGroup section */

/* Begin XCBuildConfiguration section */
		7B39B0892B2D836E00825D33 /* Debug */ = {
			isa = XCBuildConfiguration;
			buildSettings = {
				ALWAYS_SEARCH_USER_PATHS = NO;
				ASSETCATALOG_COMPILER_GENERATE_SWIFT_ASSET_SYMBOL_EXTENSIONS = YES;
				CLANG_ANALYZER_NONNULL = YES;
				CLANG_ANALYZER_NUMBER_OBJECT_CONVERSION = YES_AGGRESSIVE;
				CLANG_CXX_LANGUAGE_STANDARD = "gnu++20";
				CLANG_ENABLE_MODULES = YES;
				CLANG_ENABLE_OBJC_ARC = YES;
				CLANG_ENABLE_OBJC_WEAK = YES;
				CLANG_WARN_BLOCK_CAPTURE_AUTORELEASING = YES;
				CLANG_WARN_BOOL_CONVERSION = YES;
				CLANG_WARN_COMMA = YES;
				CLANG_WARN_CONSTANT_CONVERSION = YES;
				CLANG_WARN_DEPRECATED_OBJC_IMPLEMENTATIONS = YES;
				CLANG_WARN_DIRECT_OBJC_ISA_USAGE = YES_ERROR;
				CLANG_WARN_DOCUMENTATION_COMMENTS = YES;
				CLANG_WARN_EMPTY_BODY = YES;
				CLANG_WARN_ENUM_CONVERSION = YES;
				CLANG_WARN_INFINITE_RECURSION = YES;
				CLANG_WARN_INT_CONVERSION = YES;
				CLANG_WARN_NON_LITERAL_NULL_CONVERSION = YES;
				CLANG_WARN_OBJC_IMPLICIT_RETAIN_SELF = YES;
				CLANG_WARN_OBJC_LITERAL_CONVERSION = YES;
				CLANG_WARN_OBJC_ROOT_CLASS = YES_ERROR;
				CLANG_WARN_QUOTED_INCLUDE_IN_FRAMEWORK_HEADER = YES;
				CLANG_WARN_RANGE_LOOP_ANALYSIS = YES;
				CLANG_WARN_STRICT_PROTOTYPES = YES;
				CLANG_WARN_SUSPICIOUS_MOVE = YES;
				CLANG_WARN_UNGUARDED_AVAILABILITY = YES_AGGRESSIVE;
				CLANG_WARN_UNREACHABLE_CODE = YES;
				CLANG_WARN__DUPLICATE_METHOD_MATCH = YES;
				COPY_PHASE_STRIP = NO;
				DEBUG_INFORMATION_FORMAT = dwarf;
				ENABLE_STRICT_OBJC_MSGSEND = YES;
				ENABLE_TESTABILITY = YES;
				ENABLE_USER_SCRIPT_SANDBOXING = YES;
				GCC_C_LANGUAGE_STANDARD = gnu17;
				GCC_DYNAMIC_NO_PIC = NO;
				GCC_NO_COMMON_BLOCKS = YES;
				GCC_OPTIMIZATION_LEVEL = 0;
				GCC_PREPROCESSOR_DEFINITIONS = (
					"DEBUG=1",
					"$(inherited)",
				);
				GCC_WARN_64_TO_32_BIT_CONVERSION = YES;
				GCC_WARN_ABOUT_RETURN_TYPE = YES_ERROR;
				GCC_WARN_UNDECLARED_SELECTOR = YES;
				GCC_WARN_UNINITIALIZED_AUTOS = YES_AGGRESSIVE;
				GCC_WARN_UNUSED_FUNCTION = YES;
				GCC_WARN_UNUSED_VARIABLE = YES;
				IPHONEOS_DEPLOYMENT_TARGET = 17.0;
				LOCALIZATION_PREFERS_STRING_CATALOGS = YES;
				MTL_ENABLE_DEBUG_INFO = INCLUDE_SOURCE;
				MTL_FAST_MATH = YES;
				ONLY_ACTIVE_ARCH = YES;
				SDKROOT = iphoneos;
				SWIFT_ACTIVE_COMPILATION_CONDITIONS = "DEBUG $(inherited)";
				SWIFT_OPTIMIZATION_LEVEL = "-Onone";
			};
			name = Debug;
		};
		7B39B08A2B2D836E00825D33 /* Release */ = {
			isa = XCBuildConfiguration;
			buildSettings = {
				ALWAYS_SEARCH_USER_PATHS = NO;
				ASSETCATALOG_COMPILER_GENERATE_SWIFT_ASSET_SYMBOL_EXTENSIONS = YES;
				CLANG_ANALYZER_NONNULL = YES;
				CLANG_ANALYZER_NUMBER_OBJECT_CONVERSION = YES_AGGRESSIVE;
				CLANG_CXX_LANGUAGE_STANDARD = "gnu++20";
				CLANG_ENABLE_MODULES = YES;
				CLANG_ENABLE_OBJC_ARC = YES;
				CLANG_ENABLE_OBJC_WEAK = YES;
				CLANG_WARN_BLOCK_CAPTURE_AUTORELEASING = YES;
				CLANG_WARN_BOOL_CONVERSION = YES;
				CLANG_WARN_COMMA = YES;
				CLANG_WARN_CONSTANT_CONVERSION = YES;
				CLANG_WARN_DEPRECATED_OBJC_IMPLEMENTATIONS = YES;
				CLANG_WARN_DIRECT_OBJC_ISA_USAGE = YES_ERROR;
				CLANG_WARN_DOCUMENTATION_COMMENTS = YES;
				CLANG_WARN_EMPTY_BODY = YES;
				CLANG_WARN_ENUM_CONVERSION = YES;
				CLANG_WARN_INFINITE_RECURSION = YES;
				CLANG_WARN_INT_CONVERSION = YES;
				CLANG_WARN_NON_LITERAL_NULL_CONVERSION = YES;
				CLANG_WARN_OBJC_IMPLICIT_RETAIN_SELF = YES;
				CLANG_WARN_OBJC_LITERAL_CONVERSION = YES;
				CLANG_WARN_OBJC_ROOT_CLASS = YES_ERROR;
				CLANG_WARN_QUOTED_INCLUDE_IN_FRAMEWORK_HEADER = YES;
				CLANG_WARN_RANGE_LOOP_ANALYSIS = YES;
				CLANG_WARN_STRICT_PROTOTYPES = YES;
				CLANG_WARN_SUSPICIOUS_MOVE = YES;
				CLANG_WARN_UNGUARDED_AVAILABILITY = YES_AGGRESSIVE;
				CLANG_WARN_UNREACHABLE_CODE = YES;
				CLANG_WARN__DUPLICATE_METHOD_MATCH = YES;
				COPY_PHASE_STRIP = NO;
				DEBUG_INFORMATION_FORMAT = "dwarf-with-dsym";
				ENABLE_NS_ASSERTIONS = NO;
				ENABLE_STRICT_OBJC_MSGSEND = YES;
				ENABLE_USER_SCRIPT_SANDBOXING = YES;
				GCC_C_LANGUAGE_STANDARD = gnu17;
				GCC_NO_COMMON_BLOCKS = YES;
				GCC_WARN_64_TO_32_BIT_CONVERSION = YES;
				GCC_WARN_ABOUT_RETURN_TYPE = YES_ERROR;
				GCC_WARN_UNDECLARED_SELECTOR = YES;
				GCC_WARN_UNINITIALIZED_AUTOS = YES_AGGRESSIVE;
				GCC_WARN_UNUSED_FUNCTION = YES;
				GCC_WARN_UNUSED_VARIABLE = YES;
				IPHONEOS_DEPLOYMENT_TARGET = 17.0;
				LOCALIZATION_PREFERS_STRING_CATALOGS = YES;
				MTL_ENABLE_DEBUG_INFO = NO;
				MTL_FAST_MATH = YES;
				SDKROOT = iphoneos;
				SWIFT_COMPILATION_MODE = wholemodule;
				VALIDATE_PRODUCT = YES;
			};
			name = Release;
		};
		7B39B08C2B2D836E00825D33 /* Debug */ = {
			isa = XCBuildConfiguration;
			buildSettings = {
				ASSETCATALOG_COMPILER_APPICON_NAME = AppIcon;
				ASSETCATALOG_COMPILER_GLOBAL_ACCENT_COLOR_NAME = AccentColor;
				CODE_SIGN_STYLE = Automatic;
				CURRENT_PROJECT_VERSION = 1;
				DEVELOPMENT_ASSET_PATHS = "\"IntervalTimer/Preview Content\"";
				DEVELOPMENT_TEAM = MPMHNJMTGA;
				ENABLE_PREVIEWS = YES;
				GENERATE_INFOPLIST_FILE = YES;
				INFOPLIST_KEY_LSApplicationCategoryType = "public.app-category.healthcare-fitness";
				INFOPLIST_KEY_UIApplicationSceneManifest_Generation = YES;
				INFOPLIST_KEY_UIApplicationSupportsIndirectInputEvents = YES;
				INFOPLIST_KEY_UILaunchScreen_Generation = YES;
				INFOPLIST_KEY_UISupportedInterfaceOrientations_iPad = "UIInterfaceOrientationPortrait UIInterfaceOrientationPortraitUpsideDown UIInterfaceOrientationLandscapeLeft UIInterfaceOrientationLandscapeRight";
				INFOPLIST_KEY_UISupportedInterfaceOrientations_iPhone = "UIInterfaceOrientationPortrait UIInterfaceOrientationLandscapeLeft UIInterfaceOrientationLandscapeRight";
				LD_RUNPATH_SEARCH_PATHS = (
					"$(inherited)",
					"@executable_path/Frameworks",
				);
				MARKETING_VERSION = 1.0;
				PRODUCT_BUNDLE_IDENTIFIER = com.youngkyu.song.IntervalTimer;
				PRODUCT_NAME = "$(TARGET_NAME)";
				SWIFT_EMIT_LOC_STRINGS = YES;
				SWIFT_VERSION = 5.0;
				TARGETED_DEVICE_FAMILY = "1,2";
			};
			name = Debug;
		};
		7B39B08D2B2D836E00825D33 /* Release */ = {
			isa = XCBuildConfiguration;
			buildSettings = {
				ASSETCATALOG_COMPILER_APPICON_NAME = AppIcon;
				ASSETCATALOG_COMPILER_GLOBAL_ACCENT_COLOR_NAME = AccentColor;
				CODE_SIGN_STYLE = Automatic;
				CURRENT_PROJECT_VERSION = 1;
				DEVELOPMENT_ASSET_PATHS = "\"IntervalTimer/Preview Content\"";
				DEVELOPMENT_TEAM = MPMHNJMTGA;
				ENABLE_PREVIEWS = YES;
				GENERATE_INFOPLIST_FILE = YES;
				INFOPLIST_KEY_LSApplicationCategoryType = "public.app-category.healthcare-fitness";
				INFOPLIST_KEY_UIApplicationSceneManifest_Generation = YES;
				INFOPLIST_KEY_UIApplicationSupportsIndirectInputEvents = YES;
				INFOPLIST_KEY_UILaunchScreen_Generation = YES;
				INFOPLIST_KEY_UISupportedInterfaceOrientations_iPad = "UIInterfaceOrientationPortrait UIInterfaceOrientationPortraitUpsideDown UIInterfaceOrientationLandscapeLeft UIInterfaceOrientationLandscapeRight";
				INFOPLIST_KEY_UISupportedInterfaceOrientations_iPhone = "UIInterfaceOrientationPortrait UIInterfaceOrientationLandscapeLeft UIInterfaceOrientationLandscapeRight";
				LD_RUNPATH_SEARCH_PATHS = (
					"$(inherited)",
					"@executable_path/Frameworks",
				);
				MARKETING_VERSION = 1.0;
				PRODUCT_BUNDLE_IDENTIFIER = com.youngkyu.song.IntervalTimer;
				PRODUCT_NAME = "$(TARGET_NAME)";
				SWIFT_EMIT_LOC_STRINGS = YES;
				SWIFT_VERSION = 5.0;
				TARGETED_DEVICE_FAMILY = "1,2";
			};
			name = Release;
		};
		7B39B08F2B2D836E00825D33 /* Debug */ = {
			isa = XCBuildConfiguration;
			buildSettings = {
				ALWAYS_EMBED_SWIFT_STANDARD_LIBRARIES = YES;
				BUNDLE_LOADER = "$(TEST_HOST)";
				CODE_SIGN_STYLE = Automatic;
				CURRENT_PROJECT_VERSION = 1;
				DEVELOPMENT_TEAM = MPMHNJMTGA;
				GENERATE_INFOPLIST_FILE = YES;
				IPHONEOS_DEPLOYMENT_TARGET = 17.0;
				MARKETING_VERSION = 1.0;
				PRODUCT_BUNDLE_IDENTIFIER = com.youngkyu.song.IntervalTimerTests;
				PRODUCT_NAME = "$(TARGET_NAME)";
				SWIFT_EMIT_LOC_STRINGS = NO;
				SWIFT_VERSION = 5.0;
				TARGETED_DEVICE_FAMILY = "1,2";
				TEST_HOST = "$(BUILT_PRODUCTS_DIR)/IntervalTimer.app/$(BUNDLE_EXECUTABLE_FOLDER_PATH)/IntervalTimer";
			};
			name = Debug;
		};
		7B39B0902B2D836E00825D33 /* Release */ = {
			isa = XCBuildConfiguration;
			buildSettings = {
				ALWAYS_EMBED_SWIFT_STANDARD_LIBRARIES = YES;
				BUNDLE_LOADER = "$(TEST_HOST)";
				CODE_SIGN_STYLE = Automatic;
				CURRENT_PROJECT_VERSION = 1;
				DEVELOPMENT_TEAM = MPMHNJMTGA;
				GENERATE_INFOPLIST_FILE = YES;
				IPHONEOS_DEPLOYMENT_TARGET = 17.0;
				MARKETING_VERSION = 1.0;
				PRODUCT_BUNDLE_IDENTIFIER = com.youngkyu.song.IntervalTimerTests;
				PRODUCT_NAME = "$(TARGET_NAME)";
				SWIFT_EMIT_LOC_STRINGS = NO;
				SWIFT_VERSION = 5.0;
				TARGETED_DEVICE_FAMILY = "1,2";
				TEST_HOST = "$(BUILT_PRODUCTS_DIR)/IntervalTimer.app/$(BUNDLE_EXECUTABLE_FOLDER_PATH)/IntervalTimer";
			};
			name = Release;
		};
		7B39B0922B2D836E00825D33 /* Debug */ = {
			isa = XCBuildConfiguration;
			buildSettings = {
				ALWAYS_EMBED_SWIFT_STANDARD_LIBRARIES = YES;
				CODE_SIGN_STYLE = Automatic;
				CURRENT_PROJECT_VERSION = 1;
				DEVELOPMENT_TEAM = MPMHNJMTGA;
				GENERATE_INFOPLIST_FILE = YES;
				MARKETING_VERSION = 1.0;
				PRODUCT_BUNDLE_IDENTIFIER = com.youngkyu.song.IntervalTimerUITests;
				PRODUCT_NAME = "$(TARGET_NAME)";
				SWIFT_EMIT_LOC_STRINGS = NO;
				SWIFT_VERSION = 5.0;
				TARGETED_DEVICE_FAMILY = "1,2";
				TEST_TARGET_NAME = IntervalTimer;
			};
			name = Debug;
		};
		7B39B0932B2D836E00825D33 /* Release */ = {
			isa = XCBuildConfiguration;
			buildSettings = {
				ALWAYS_EMBED_SWIFT_STANDARD_LIBRARIES = YES;
				CODE_SIGN_STYLE = Automatic;
				CURRENT_PROJECT_VERSION = 1;
				DEVELOPMENT_TEAM = MPMHNJMTGA;
				GENERATE_INFOPLIST_FILE = YES;
				MARKETING_VERSION = 1.0;
				PRODUCT_BUNDLE_IDENTIFIER = com.youngkyu.song.IntervalTimerUITests;
				PRODUCT_NAME = "$(TARGET_NAME)";
				SWIFT_EMIT_LOC_STRINGS = NO;
				SWIFT_VERSION = 5.0;
				TARGETED_DEVICE_FAMILY = "1,2";
				TEST_TARGET_NAME = IntervalTimer;
			};
			name = Release;
		};
/* End XCBuildConfiguration section */

/* Begin XCConfigurationList section */
		7B39B0622B2D836D00825D33 /* Build configuration list for PBXProject "IntervalTimer" */ = {
			isa = XCConfigurationList;
			buildConfigurations = (
				7B39B0892B2D836E00825D33 /* Debug */,
				7B39B08A2B2D836E00825D33 /* Release */,
			);
			defaultConfigurationIsVisible = 0;
			defaultConfigurationName = Release;
		};
		7B39B08B2B2D836E00825D33 /* Build configuration list for PBXNativeTarget "IntervalTimer" */ = {
			isa = XCConfigurationList;
			buildConfigurations = (
				7B39B08C2B2D836E00825D33 /* Debug */,
				7B39B08D2B2D836E00825D33 /* Release */,
			);
			defaultConfigurationIsVisible = 0;
			defaultConfigurationName = Release;
		};
		7B39B08E2B2D836E00825D33 /* Build configuration list for PBXNativeTarget "IntervalTimerTests" */ = {
			isa = XCConfigurationList;
			buildConfigurations = (
				7B39B08F2B2D836E00825D33 /* Debug */,
				7B39B0902B2D836E00825D33 /* Release */,
			);
			defaultConfigurationIsVisible = 0;
			defaultConfigurationName = Release;
		};
		7B39B0912B2D836E00825D33 /* Build configuration list for PBXNativeTarget "IntervalTimerUITests" */ = {
			isa = XCConfigurationList;
			buildConfigurations = (
				7B39B0922B2D836E00825D33 /* Debug */,
				7B39B0932B2D836E00825D33 /* Release */,
			);
			defaultConfigurationIsVisible = 0;
			defaultConfigurationName = Release;
		};
/* End XCConfigurationList section */
	};
	rootObject = 7B39B05F2B2D836D00825D33 /* Project object */;
}
